
Microsoft Visual Studio Solution File, Format Version 12.00
# Visual Studio Version 17
VisualStudioVersion = 17.5.002.0
MinimumVisualStudioVersion = 10.0.40219.1
Project("{9A19103F-16F7-4668-BE54-9A1E7A4F7556}") = "Lesson5", "Lesson5.csproj", "{91111800-C31F-4FF1-8E0C-802AB467568D}"
EndProject
Global
	GlobalSection(SolutionConfigurationPlatforms) = preSolution
		Debug|Any CPU = Debug|Any CPU
		Release|Any CPU = Release|Any CPU
	EndGlobalSection
	GlobalSection(ProjectConfigurationPlatforms) = postSolution
		{91111800-C31F-4FF1-8E0C-802AB467568D}.Debug|Any CPU.ActiveCfg = Debug|Any CPU
		{91111800-C31F-4FF1-8E0C-802AB467568D}.Debug|Any CPU.Build.0 = Debug|Any CPU
		{91111800-C31F-4FF1-8E0C-802AB467568D}.Release|Any CPU.ActiveCfg = Release|Any CPU
		{91111800-C31F-4FF1-8E0C-802AB467568D}.Release|Any CPU.Build.0 = Release|Any CPU
	EndGlobalSection
	GlobalSection(SolutionProperties) = preSolution
		HideSolutionNode = FALSE
	EndGlobalSection
	GlobalSection(ExtensibilityGlobals) = postSolution
		SolutionGuid = {DFA4D7A4-AAB0-40C6-91EB-6D6EEA634A5A}
	EndGlobalSection
EndGlobal
